<?xml version="1.0" encoding="utf-8"?>
<Project ToolsVersion="4.0" xmlns="http://schemas.microsoft.com/developer/msbuild/2003">
  <ItemGroup>
    <Filter Include="Source Files">
      <UniqueIdentifier>{4FC737F1-C7A5-4376-A066-2A32D752A2FF}</UniqueIdentifier>
      <Extensions>cpp;c;cc;cxx;def;odl;idl;hpj;bat;asm;asmx</Extensions>
    </Filter>
    <Filter Include="Header Files">
      <UniqueIdentifier>{93995380-89BD-4b04-88EB-625FBE52EBFB}</UniqueIdentifier>
      <Extensions>h;hpp;hxx;hm;inl;inc;xsd</Extensions>
    </Filter>
    <Filter Include="Resource Files">
      <UniqueIdentifier>{67DA6AB6-F800-4c08-8B7A-83BB121AAD01}</UniqueIdentifier>
      <Extensions>rc;ico;cur;bmp;dlg;rc2;rct;bin;rgs;gif;jpg;jpeg;jpe;resx;tiff;tif;png;wav;mfcribbon-ms</Extensions>
    </Filter>
  </ItemGroup>
  <ItemGroup>
    <ClCompile Include="CudaCalc\CUDiagGaussLh.cpp">
      <Filter>Source Files</Filter>
    </ClCompile>
    <ClCompile Include="CudaCalc\CUGaussLh.cpp">
      <Filter>Source Files</Filter>
    </ClCompile>
    <ClCompile Include="CudaCalc\CUShareCovLh.cpp">
      <Filter>Source Files</Filter>
    </ClCompile>
    <ClCompile Include="Dict\WordDict.cpp">
      <Filter>Source Files</Filter>
    </ClCompile>
    <ClCompile Include="Feature\20dBEnergyGeometryAverageMFCC45.cpp">
      <Filter>Source Files</Filter>
    </ClCompile>
    <ClCompile Include="Feature\CFFT.cpp">
      <Filter>Source Files</Filter>
    </ClCompile>
    <ClCompile Include="Feature\MFCC.cpp">
      <Filter>Source Files</Filter>
    </ClCompile>
    <ClCompile Include="FileFormat\CWaveFormatFile.cpp">
      <Filter>Source Files</Filter>
    </ClCompile>
    <ClCompile Include="FileFormat\DatFile.cpp">
      <Filter>Source Files</Filter>
    </ClCompile>
    <ClCompile Include="FileFormat\FeatureFileSet.cpp">
      <Filter>Source Files</Filter>
    </ClCompile>
    <ClCompile Include="FileFormat\IdxFile.cpp">
      <Filter>Source Files</Filter>
    </ClCompile>
    <ClCompile Include="FileFormat\RecFile.cpp">
      <Filter>Source Files</Filter>
    </ClCompile>
    <ClCompile Include="Math\alglibinternal.cpp">
      <Filter>Source Files</Filter>
    </ClCompile>
    <ClCompile Include="Math\alglibmisc.cpp">
      <Filter>Source Files</Filter>
    </ClCompile>
    <ClCompile Include="Math\ap.cpp">
      <Filter>Source Files</Filter>
    </ClCompile>
    <ClCompile Include="Math\CMatrixInv.cpp">
      <Filter>Source Files</Filter>
    </ClCompile>
    <ClCompile Include="Math\linalg.cpp">
      <Filter>Source Files</Filter>
    </ClCompile>
    <ClCompile Include="Math\MathUtility.cpp">
      <Filter>Source Files</Filter>
    </ClCompile>
    <ClCompile Include="ReadConfig\RecParam.cpp">
      <Filter>Source Files</Filter>
    </ClCompile>
    <ClCompile Include="ReadConfig\TrainParam.cpp">
      <Filter>Source Files</Filter>
    </ClCompile>
    <ClCompile Include="CUMixGaussLh.cpp">
      <Filter>Source Files</Filter>
    </ClCompile>
  </ItemGroup>
  <ItemGroup>
    <ClInclude Include="CudaCalc\CUDiagGaussLh.h">
      <Filter>Header Files</Filter>
    </ClInclude>
    <ClInclude Include="CudaCalc\CUGaussLh.h">
      <Filter>Header Files</Filter>
    </ClInclude>
    <ClInclude Include="CudaCalc\CUShareCovLh.h">
      <Filter>Header Files</Filter>
    </ClInclude>
    <ClInclude Include="Dict\WordDict.h">
      <Filter>Header Files</Filter>
    </ClInclude>
    <ClInclude Include="Feature\20dBEnergyGeometryAverageMFCC45.h">
      <Filter>Header Files</Filter>
    </ClInclude>
    <ClInclude Include="Feature\CFFT.h">
      <Filter>Header Files</Filter>
    </ClInclude>
    <ClInclude Include="Feature\MFCC.h">
      <Filter>Header Files</Filter>
    </ClInclude>
    <ClInclude Include="FileFormat\CWaveFormatFile.h">
      <Filter>Header Files</Filter>
    </ClInclude>
    <ClInclude Include="FileFormat\DatFile.h">
      <Filter>Header Files</Filter>
    </ClInclude>
    <ClInclude Include="FileFormat\FeatureFileSet.h">
      <Filter>Header Files</Filter>
    </ClInclude>
    <ClInclude Include="FileFormat\IdxFile.h">
      <Filter>Header Files</Filter>
    </ClInclude>
    <ClInclude Include="FileFormat\RecFile.h">
      <Filter>Header Files</Filter>
    </ClInclude>
    <ClInclude Include="Math\alglibinternal.h">
      <Filter>Header Files</Filter>
    </ClInclude>
    <ClInclude Include="Math\alglibmisc.h">
      <Filter>Header Files</Filter>
    </ClInclude>
    <ClInclude Include="Math\ap.h">
      <Filter>Header Files</Filter>
    </ClInclude>
    <ClInclude Include="Math\CMatrixInv.h">
      <Filter>Header Files</Filter>
    </ClInclude>
    <ClInclude Include="Math\linalg.h">
      <Filter>Header Files</Filter>
    </ClInclude>
    <ClInclude Include="Math\MathUtility.h">
      <Filter>Header Files</Filter>
    </ClInclude>
    <ClInclude Include="Math\stdafx.h">
      <Filter>Header Files</Filter>
    </ClInclude>
    <ClInclude Include="CommonVars.h">
      <Filter>Header Files</Filter>
    </ClInclude>
    <ClInclude Include="ConfigFile.h">
      <Filter>Header Files</Filter>
    </ClInclude>
    <ClInclude Include="ReadConfig\RecParam.h">
      <Filter>Header Files</Filter>
    </ClInclude>
    <ClInclude Include="ReadConfig\TrainParam.h">
      <Filter>Header Files</Filter>
    </ClInclude>
    <ClInclude Include="CUMixGaussLh.h">
      <Filter>Header Files</Filter>
    </ClInclude>
    <ClInclude Include="Droper.h">
      <Filter>Header Files</Filter>
    </ClInclude>
    <ClInclude Include="Cluster.h">
      <Filter>Header Files</Filter>
    </ClInclude>
  </ItemGroup>
  <ItemGroup>
    <CudaCompile Include="CudaCalc\kernels.cu" />
  </ItemGroup>
</Project>